// !$*UTF8*$!
{
	archiveVersion = 1;
	classes = {
	};
	objectVersion = 46;
	objects = {

/* Begin PBXBuildFile section */
		19021B8D19F0AF3A000B8EBF /* TMToDoTableViewController.m in Sources */ = {isa = PBXBuildFile; fileRef = 19021B8B19F0AF3A000B8EBF /* TMToDoTableViewController.m */; };
		19021B8E19F0AF3A000B8EBF /* TMToDoTableViewController.xib in Resources */ = {isa = PBXBuildFile; fileRef = 19021B8C19F0AF3A000B8EBF /* TMToDoTableViewController.xib */; };
		19021B9119F0BE5B000B8EBF /* todo@2X.png in Resources */ = {isa = PBXBuildFile; fileRef = 19021B9019F0BE5B000B8EBF /* todo@2X.png */; };
		1987B4B519DC664600197B78 /* Foundation.framework in Frameworks */ = {isa = PBXBuildFile; fileRef = 1987B4B419DC664600197B78 /* Foundation.framework */; };
		1987B4B719DC664600197B78 /* CoreGraphics.framework in Frameworks */ = {isa = PBXBuildFile; fileRef = 1987B4B619DC664600197B78 /* CoreGraphics.framework */; };
		1987B4B919DC664600197B78 /* UIKit.framework in Frameworks */ = {isa = PBXBuildFile; fileRef = 1987B4B819DC664600197B78 /* UIKit.framework */; };
		1987B4BB19DC664600197B78 /* CoreData.framework in Frameworks */ = {isa = PBXBuildFile; fileRef = 1987B4BA19DC664600197B78 /* CoreData.framework */; };
		1987B4C119DC664600197B78 /* InfoPlist.strings in Resources */ = {isa = PBXBuildFile; fileRef = 1987B4BF19DC664600197B78 /* InfoPlist.strings */; };
		1987B4C319DC664600197B78 /* main.m in Sources */ = {isa = PBXBuildFile; fileRef = 1987B4C219DC664600197B78 /* main.m */; };
		1987B4C719DC664600197B78 /* TMAppDelegate.m in Sources */ = {isa = PBXBuildFile; fileRef = 1987B4C619DC664600197B78 /* TMAppDelegate.m */; };
		1987B4CA19DC664600197B78 /* Task_Management.xcdatamodeld in Sources */ = {isa = PBXBuildFile; fileRef = 1987B4C819DC664600197B78 /* Task_Management.xcdatamodeld */; };
		1987B4CC19DC664600197B78 /* Images.xcassets in Resources */ = {isa = PBXBuildFile; fileRef = 1987B4CB19DC664600197B78 /* Images.xcassets */; };
		1987B4D319DC664600197B78 /* XCTest.framework in Frameworks */ = {isa = PBXBuildFile; fileRef = 1987B4D219DC664600197B78 /* XCTest.framework */; };
		1987B4D419DC664600197B78 /* Foundation.framework in Frameworks */ = {isa = PBXBuildFile; fileRef = 1987B4B419DC664600197B78 /* Foundation.framework */; };
		1987B4D519DC664600197B78 /* UIKit.framework in Frameworks */ = {isa = PBXBuildFile; fileRef = 1987B4B819DC664600197B78 /* UIKit.framework */; };
		1987B4D619DC664600197B78 /* CoreData.framework in Frameworks */ = {isa = PBXBuildFile; fileRef = 1987B4BA19DC664600197B78 /* CoreData.framework */; };
		1987B4DE19DC664600197B78 /* InfoPlist.strings in Resources */ = {isa = PBXBuildFile; fileRef = 1987B4DC19DC664600197B78 /* InfoPlist.strings */; };
		1987B4E019DC664600197B78 /* Task_ManagementTests.m in Sources */ = {isa = PBXBuildFile; fileRef = 1987B4DF19DC664600197B78 /* Task_ManagementTests.m */; };
		1987B4EC19DC67C600197B78 /* TMUITabBarController.m in Sources */ = {isa = PBXBuildFile; fileRef = 1987B4EA19DC67C600197B78 /* TMUITabBarController.m */; };
		1987B4ED19DC67C600197B78 /* TMUITabBarController.xib in Resources */ = {isa = PBXBuildFile; fileRef = 1987B4EB19DC67C600197B78 /* TMUITabBarController.xib */; };
		19A8139319F89B4000E211AB /* TMToDoListTableViewController.m in Sources */ = {isa = PBXBuildFile; fileRef = 19A8139119F89B4000E211AB /* TMToDoListTableViewController.m */; };
		19A8139419F89B4000E211AB /* TMToDoListTableViewController.xib in Resources */ = {isa = PBXBuildFile; fileRef = 19A8139219F89B4000E211AB /* TMToDoListTableViewController.xib */; };
		19B6F94C1A01522E00B21960 /* TodoItem.m in Sources */ = {isa = PBXBuildFile; fileRef = 19B6F94B1A01522E00B21960 /* TodoItem.m */; };
		19B6F94F1A01522E00B21960 /* Todo.m in Sources */ = {isa = PBXBuildFile; fileRef = 19B6F94E1A01522E00B21960 /* Todo.m */; };
/* End PBXBuildFile section */

/* Begin PBXContainerItemProxy section */
		1987B4D719DC664600197B78 /* PBXContainerItemProxy */ = {
			isa = PBXContainerItemProxy;
			containerPortal = 1987B4A919DC664500197B78 /* Project object */;
			proxyType = 1;
			remoteGlobalIDString = 1987B4B019DC664600197B78;
			remoteInfo = "Task Management";
		};
/* End PBXContainerItemProxy section */

/* Begin PBXFileReference section */
		19021B8A19F0AF3A000B8EBF /* TMToDoTableViewController.h */ = {isa = PBXFileReference; fileEncoding = 4; lastKnownFileType = sourcecode.c.h; path = TMToDoTableViewController.h; sourceTree = "<group>"; };
		19021B8B19F0AF3A000B8EBF /* TMToDoTableViewController.m */ = {isa = PBXFileReference; fileEncoding = 4; lastKnownFileType = sourcecode.c.objc; path = TMToDoTableViewController.m; sourceTree = "<group>"; };
		19021B8C19F0AF3A000B8EBF /* TMToDoTableViewController.xib */ = {isa = PBXFileReference; fileEncoding = 4; lastKnownFileType = file.xib; path = TMToDoTableViewController.xib; sourceTree = "<group>"; };
		19021B9019F0BE5B000B8EBF /* todo@2X.png */ = {isa = PBXFileReference; lastKnownFileType = image.png; path = "todo@2X.png"; sourceTree = "<group>"; };
		1987B4B119DC664600197B78 /* Task Management.app */ = {isa = PBXFileReference; explicitFileType = wrapper.application; includeInIndex = 0; path = "Task Management.app"; sourceTree = BUILT_PRODUCTS_DIR; };
		1987B4B419DC664600197B78 /* Foundation.framework */ = {isa = PBXFileReference; lastKnownFileType = wrapper.framework; name = Foundation.framework; path = System/Library/Frameworks/Foundation.framework; sourceTree = SDKROOT; };
		1987B4B619DC664600197B78 /* CoreGraphics.framework */ = {isa = PBXFileReference; lastKnownFileType = wrapper.framework; name = CoreGraphics.framework; path = System/Library/Frameworks/CoreGraphics.framework; sourceTree = SDKROOT; };
		1987B4B819DC664600197B78 /* UIKit.framework */ = {isa = PBXFileReference; lastKnownFileType = wrapper.framework; name = UIKit.framework; path = System/Library/Frameworks/UIKit.framework; sourceTree = SDKROOT; };
		1987B4BA19DC664600197B78 /* CoreData.framework */ = {isa = PBXFileReference; lastKnownFileType = wrapper.framework; name = CoreData.framework; path = System/Library/Frameworks/CoreData.framework; sourceTree = SDKROOT; };
		1987B4BE19DC664600197B78 /* Task Management-Info.plist */ = {isa = PBXFileReference; lastKnownFileType = text.plist.xml; path = "Task Management-Info.plist"; sourceTree = "<group>"; };
		1987B4C019DC664600197B78 /* en */ = {isa = PBXFileReference; lastKnownFileType = text.plist.strings; name = en; path = en.lproj/InfoPlist.strings; sourceTree = "<group>"; };
		1987B4C219DC664600197B78 /* main.m */ = {isa = PBXFileReference; lastKnownFileType = sourcecode.c.objc; path = main.m; sourceTree = "<group>"; };
		1987B4C419DC664600197B78 /* Task Management-Prefix.pch */ = {isa = PBXFileReference; lastKnownFileType = sourcecode.c.h; path = "Task Management-Prefix.pch"; sourceTree = "<group>"; };
		1987B4C519DC664600197B78 /* TMAppDelegate.h */ = {isa = PBXFileReference; lastKnownFileType = sourcecode.c.h; path = TMAppDelegate.h; sourceTree = "<group>"; };
		1987B4C619DC664600197B78 /* TMAppDelegate.m */ = {isa = PBXFileReference; lastKnownFileType = sourcecode.c.objc; path = TMAppDelegate.m; sourceTree = "<group>"; };
		1987B4C919DC664600197B78 /* Task_Management.xcdatamodel */ = {isa = PBXFileReference; lastKnownFileType = wrapper.xcdatamodel; path = Task_Management.xcdatamodel; sourceTree = "<group>"; };
		1987B4CB19DC664600197B78 /* Images.xcassets */ = {isa = PBXFileReference; lastKnownFileType = folder.assetcatalog; path = Images.xcassets; sourceTree = "<group>"; };
		1987B4D119DC664600197B78 /* Task ManagementTests.xctest */ = {isa = PBXFileReference; explicitFileType = wrapper.cfbundle; includeInIndex = 0; path = "Task ManagementTests.xctest"; sourceTree = BUILT_PRODUCTS_DIR; };
		1987B4D219DC664600197B78 /* XCTest.framework */ = {isa = PBXFileReference; lastKnownFileType = wrapper.framework; name = XCTest.framework; path = Library/Frameworks/XCTest.framework; sourceTree = DEVELOPER_DIR; };
		1987B4DB19DC664600197B78 /* Task ManagementTests-Info.plist */ = {isa = PBXFileReference; lastKnownFileType = text.plist.xml; path = "Task ManagementTests-Info.plist"; sourceTree = "<group>"; };
		1987B4DD19DC664600197B78 /* en */ = {isa = PBXFileReference; lastKnownFileType = text.plist.strings; name = en; path = en.lproj/InfoPlist.strings; sourceTree = "<group>"; };
		1987B4DF19DC664600197B78 /* Task_ManagementTests.m */ = {isa = PBXFileReference; lastKnownFileType = sourcecode.c.objc; path = Task_ManagementTests.m; sourceTree = "<group>"; };
		1987B4E919DC67C600197B78 /* TMUITabBarController.h */ = {isa = PBXFileReference; fileEncoding = 4; lastKnownFileType = sourcecode.c.h; path = TMUITabBarController.h; sourceTree = "<group>"; };
		1987B4EA19DC67C600197B78 /* TMUITabBarController.m */ = {isa = PBXFileReference; fileEncoding = 4; lastKnownFileType = sourcecode.c.objc; path = TMUITabBarController.m; sourceTree = "<group>"; };
		1987B4EB19DC67C600197B78 /* TMUITabBarController.xib */ = {isa = PBXFileReference; fileEncoding = 4; lastKnownFileType = file.xib; path = TMUITabBarController.xib; sourceTree = "<group>"; };
		19A8139019F89B4000E211AB /* TMToDoListTableViewController.h */ = {isa = PBXFileReference; fileEncoding = 4; lastKnownFileType = sourcecode.c.h; path = TMToDoListTableViewController.h; sourceTree = "<group>"; };
		19A8139119F89B4000E211AB /* TMToDoListTableViewController.m */ = {isa = PBXFileReference; fileEncoding = 4; lastKnownFileType = sourcecode.c.objc; path = TMToDoListTableViewController.m; sourceTree = "<group>"; };
		19A8139219F89B4000E211AB /* TMToDoListTableViewController.xib */ = {isa = PBXFileReference; fileEncoding = 4; lastKnownFileType = file.xib; path = TMToDoListTableViewController.xib; sourceTree = "<group>"; };
		19B6F94A1A01522E00B21960 /* TodoItem.h */ = {isa = PBXFileReference; fileEncoding = 4; lastKnownFileType = sourcecode.c.h; path = TodoItem.h; sourceTree = "<group>"; };
		19B6F94B1A01522E00B21960 /* TodoItem.m */ = {isa = PBXFileReference; fileEncoding = 4; lastKnownFileType = sourcecode.c.objc; path = TodoItem.m; sourceTree = "<group>"; };
		19B6F94D1A01522E00B21960 /* Todo.h */ = {isa = PBXFileReference; fileEncoding = 4; lastKnownFileType = sourcecode.c.h; path = Todo.h; sourceTree = "<group>"; };
		19B6F94E1A01522E00B21960 /* Todo.m */ = {isa = PBXFileReference; fileEncoding = 4; lastKnownFileType = sourcecode.c.objc; path = Todo.m; sourceTree = "<group>"; };
/* End PBXFileReference section */

/* Begin PBXFrameworksBuildPhase section */
		1987B4AE19DC664600197B78 /* Frameworks */ = {
			isa = PBXFrameworksBuildPhase;
			buildActionMask = 2147483647;
			files = (
				1987B4B719DC664600197B78 /* CoreGraphics.framework in Frameworks */,
				1987B4BB19DC664600197B78 /* CoreData.framework in Frameworks */,
				1987B4B919DC664600197B78 /* UIKit.framework in Frameworks */,
				1987B4B519DC664600197B78 /* Foundation.framework in Frameworks */,
			);
			runOnlyForDeploymentPostprocessing = 0;
		};
		1987B4CE19DC664600197B78 /* Frameworks */ = {
			isa = PBXFrameworksBuildPhase;
			buildActionMask = 2147483647;
			files = (
				1987B4D319DC664600197B78 /* XCTest.framework in Frameworks */,
				1987B4D619DC664600197B78 /* CoreData.framework in Frameworks */,
				1987B4D519DC664600197B78 /* UIKit.framework in Frameworks */,
				1987B4D419DC664600197B78 /* Foundation.framework in Frameworks */,
			);
			runOnlyForDeploymentPostprocessing = 0;
		};
/* End PBXFrameworksBuildPhase section */

/* Begin PBXGroup section */
		19021B8619F0A7FE000B8EBF /* View Controller */ = {
			isa = PBXGroup;
			children = (
				1987B4E919DC67C600197B78 /* TMUITabBarController.h */,
				1987B4EA19DC67C600197B78 /* TMUITabBarController.m */,
				19021B8A19F0AF3A000B8EBF /* TMToDoTableViewController.h */,
				19021B8B19F0AF3A000B8EBF /* TMToDoTableViewController.m */,
				19A8139019F89B4000E211AB /* TMToDoListTableViewController.h */,
				19A8139119F89B4000E211AB /* TMToDoListTableViewController.m */,
			);
			name = "View Controller";
			sourceTree = "<group>";
		};
		19021B8719F0A80A000B8EBF /* Delegate */ = {
			isa = PBXGroup;
			children = (
				1987B4C519DC664600197B78 /* TMAppDelegate.h */,
				1987B4C619DC664600197B78 /* TMAppDelegate.m */,
			);
			name = Delegate;
			sourceTree = "<group>";
		};
		19021B8819F0A815000B8EBF /* Model */ = {
			isa = PBXGroup;
			children = (
				1987B4C819DC664600197B78 /* Task_Management.xcdatamodeld */,
				19B6F94D1A01522E00B21960 /* Todo.h */,
				19B6F94E1A01522E00B21960 /* Todo.m */,
				19B6F94A1A01522E00B21960 /* TodoItem.h */,
				19B6F94B1A01522E00B21960 /* TodoItem.m */,
			);
			name = Model;
			sourceTree = "<group>";
		};
		19021B8919F0A942000B8EBF /* Views */ = {
			isa = PBXGroup;
			children = (
				19021B8C19F0AF3A000B8EBF /* TMToDoTableViewController.xib */,
				1987B4EB19DC67C600197B78 /* TMUITabBarController.xib */,
				19A8139219F89B4000E211AB /* TMToDoListTableViewController.xib */,
			);
			name = Views;
			sourceTree = "<group>";
		};
		19021B8F19F0BE45000B8EBF /* images */ = {
			isa = PBXGroup;
			children = (
				19021B9019F0BE5B000B8EBF /* todo@2X.png */,
			);
			name = images;
			sourceTree = "<group>";
		};
		1987B4A819DC664500197B78 = {
			isa = PBXGroup;
			children = (
				1987B4BC19DC664600197B78 /* Task Management */,
				1987B4D919DC664600197B78 /* Task ManagementTests */,
				1987B4B319DC664600197B78 /* Frameworks */,
				1987B4B219DC664600197B78 /* Products */,
			);
			sourceTree = "<group>";
		};
		1987B4B219DC664600197B78 /* Products */ = {
			isa = PBXGroup;
			children = (
				1987B4B119DC664600197B78 /* Task Management.app */,
				1987B4D119DC664600197B78 /* Task ManagementTests.xctest */,
			);
			name = Products;
			sourceTree = "<group>";
		};
		1987B4B319DC664600197B78 /* Frameworks */ = {
			isa = PBXGroup;
			children = (
				1987B4B419DC664600197B78 /* Foundation.framework */,
				1987B4B619DC664600197B78 /* CoreGraphics.framework */,
				1987B4B819DC664600197B78 /* UIKit.framework */,
				1987B4BA19DC664600197B78 /* CoreData.framework */,
				1987B4D219DC664600197B78 /* XCTest.framework */,
			);
			name = Frameworks;
			sourceTree = "<group>";
		};
		1987B4BC19DC664600197B78 /* Task Management */ = {
			isa = PBXGroup;
			children = (
				19021B8F19F0BE45000B8EBF /* images */,
				19021B8919F0A942000B8EBF /* Views */,
				19021B8819F0A815000B8EBF /* Model */,
				19021B8719F0A80A000B8EBF /* Delegate */,
				19021B8619F0A7FE000B8EBF /* View Controller */,
				1987B4CB19DC664600197B78 /* Images.xcassets */,
				1987B4BD19DC664600197B78 /* Supporting Files */,
			);
			path = "Task Management";
			sourceTree = "<group>";
		};
		1987B4BD19DC664600197B78 /* Supporting Files */ = {
			isa = PBXGroup;
			children = (
				1987B4BE19DC664600197B78 /* Task Management-Info.plist */,
				1987B4BF19DC664600197B78 /* InfoPlist.strings */,
				1987B4C219DC664600197B78 /* main.m */,
				1987B4C419DC664600197B78 /* Task Management-Prefix.pch */,
			);
			name = "Supporting Files";
			sourceTree = "<group>";
		};
		1987B4D919DC664600197B78 /* Task ManagementTests */ = {
			isa = PBXGroup;
			children = (
				1987B4DF19DC664600197B78 /* Task_ManagementTests.m */,
				1987B4DA19DC664600197B78 /* Supporting Files */,
			);
			path = "Task ManagementTests";
			sourceTree = "<group>";
		};
		1987B4DA19DC664600197B78 /* Supporting Files */ = {
			isa = PBXGroup;
			children = (
				1987B4DB19DC664600197B78 /* Task ManagementTests-Info.plist */,
				1987B4DC19DC664600197B78 /* InfoPlist.strings */,
			);
			name = "Supporting Files";
			sourceTree = "<group>";
		};
/* End PBXGroup section */

/* Begin PBXNativeTarget section */
		1987B4B019DC664600197B78 /* Task Management */ = {
			isa = PBXNativeTarget;
			buildConfigurationList = 1987B4E319DC664600197B78 /* Build configuration list for PBXNativeTarget "Task Management" */;
			buildPhases = (
				1987B4AD19DC664600197B78 /* Sources */,
				1987B4AE19DC664600197B78 /* Frameworks */,
				1987B4AF19DC664600197B78 /* Resources */,
			);
			buildRules = (
			);
			dependencies = (
			);
			name = "Task Management";
			productName = "Task Management";
			productReference = 1987B4B119DC664600197B78 /* Task Management.app */;
			productType = "com.apple.product-type.application";
		};
		1987B4D019DC664600197B78 /* Task ManagementTests */ = {
			isa = PBXNativeTarget;
			buildConfigurationList = 1987B4E619DC664600197B78 /* Build configuration list for PBXNativeTarget "Task ManagementTests" */;
			buildPhases = (
				1987B4CD19DC664600197B78 /* Sources */,
				1987B4CE19DC664600197B78 /* Frameworks */,
				1987B4CF19DC664600197B78 /* Resources */,
			);
			buildRules = (
			);
			dependencies = (
				1987B4D819DC664600197B78 /* PBXTargetDependency */,
			);
			name = "Task ManagementTests";
			productName = "Task ManagementTests";
			productReference = 1987B4D119DC664600197B78 /* Task ManagementTests.xctest */;
			productType = "com.apple.product-type.bundle.unit-test";
		};
/* End PBXNativeTarget section */

/* Begin PBXProject section */
		1987B4A919DC664500197B78 /* Project object */ = {
			isa = PBXProject;
			attributes = {
				CLASSPREFIX = TM;
				LastUpgradeCheck = 0510;
				ORGANIZATIONNAME = "CSCI 5737.01";
				TargetAttributes = {
					1987B4D019DC664600197B78 = {
						TestTargetID = 1987B4B019DC664600197B78;
					};
				};
			};
			buildConfigurationList = 1987B4AC19DC664500197B78 /* Build configuration list for PBXProject "Task Management" */;
			compatibilityVersion = "Xcode 3.2";
			developmentRegion = English;
			hasScannedForEncodings = 0;
			knownRegions = (
				en,
			);
			mainGroup = 1987B4A819DC664500197B78;
			productRefGroup = 1987B4B219DC664600197B78 /* Products */;
			projectDirPath = "";
			projectRoot = "";
			targets = (
				1987B4B019DC664600197B78 /* Task Management */,
				1987B4D019DC664600197B78 /* Task ManagementTests */,
			);
		};
/* End PBXProject section */

/* Begin PBXResourcesBuildPhase section */
		1987B4AF19DC664600197B78 /* Resources */ = {
			isa = PBXResourcesBuildPhase;
			buildActionMask = 2147483647;
			files = (
				19021B8E19F0AF3A000B8EBF /* TMToDoTableViewController.xib in Resources */,
				19021B9119F0BE5B000B8EBF /* todo@2X.png in Resources */,
				19A8139419F89B4000E211AB /* TMToDoListTableViewController.xib in Resources */,
				1987B4C119DC664600197B78 /* InfoPlist.strings in Resources */,
				1987B4CC19DC664600197B78 /* Images.xcassets in Resources */,
				1987B4ED19DC67C600197B78 /* TMUITabBarController.xib in Resources */,
			);
			runOnlyForDeploymentPostprocessing = 0;
		};
		1987B4CF19DC664600197B78 /* Resources */ = {
			isa = PBXResourcesBuildPhase;
			buildActionMask = 2147483647;
			files = (
				1987B4DE19DC664600197B78 /* InfoPlist.strings in Resources */,
			);
			runOnlyForDeploymentPostprocessing = 0;
		};
/* End PBXResourcesBuildPhase section */

/* Begin PBXSourcesBuildPhase section */
		1987B4AD19DC664600197B78 /* Sources */ = {
			isa = PBXSourcesBuildPhase;
			buildActionMask = 2147483647;
			files = (
				1987B4EC19DC67C600197B78 /* TMUITabBarController.m in Sources */,
				19B6F94C1A01522E00B21960 /* TodoItem.m in Sources */,
				1987B4C319DC664600197B78 /* main.m in Sources */,
				1987B4C719DC664600197B78 /* TMAppDelegate.m in Sources */,
				19021B8D19F0AF3A000B8EBF /* TMToDoTableViewController.m in Sources */,
				19A8139319F89B4000E211AB /* TMToDoListTableViewController.m in Sources */,
				1987B4CA19DC664600197B78 /* Task_Management.xcdatamodeld in Sources */,
				19B6F94F1A01522E00B21960 /* Todo.m in Sources */,
			);
			runOnlyForDeploymentPostprocessing = 0;
		};
		1987B4CD19DC664600197B78 /* Sources */ = {
			isa = PBXSourcesBuildPhase;
			buildActionMask = 2147483647;
			files = (
				1987B4E019DC664600197B78 /* Task_ManagementTests.m in Sources */,
			);
			runOnlyForDeploymentPostprocessing = 0;
		};
/* End PBXSourcesBuildPhase section */

/* Begin PBXTargetDependency section */
		1987B4D819DC664600197B78 /* PBXTargetDependency */ = {
			isa = PBXTargetDependency;
			target = 1987B4B019DC664600197B78 /* Task Management */;
			targetProxy = 1987B4D719DC664600197B78 /* PBXContainerItemProxy */;
		};
/* End PBXTargetDependency section */

/* Begin PBXVariantGroup section */
		1987B4BF19DC664600197B78 /* InfoPlist.strings */ = {
			isa = PBXVariantGroup;
			children = (
				1987B4C019DC664600197B78 /* en */,
			);
			name = InfoPlist.strings;
			sourceTree = "<group>";
		};
		1987B4DC19DC664600197B78 /* InfoPlist.strings */ = {
			isa = PBXVariantGroup;
			children = (
				1987B4DD19DC664600197B78 /* en */,
			);
			name = InfoPlist.strings;
			sourceTree = "<group>";
		};
/* End PBXVariantGroup section */

/* Begin XCBuildConfiguration section */
		1987B4E119DC664600197B78 /* Debug */ = {
			isa = XCBuildConfiguration;
			buildSettings = {
				ALWAYS_SEARCH_USER_PATHS = NO;
				CLANG_CXX_LANGUAGE_STANDARD = "gnu++0x";
				CLANG_CXX_LIBRARY = "libc++";
				CLANG_ENABLE_MODULES = YES;
				CLANG_ENABLE_OBJC_ARC = YES;
				CLANG_WARN_BOOL_CONVERSION = YES;
				CLANG_WARN_CONSTANT_CONVERSION = YES;
				CLANG_WARN_DIRECT_OBJC_ISA_USAGE = YES_ERROR;
				CLANG_WARN_EMPTY_BODY = YES;
				CLANG_WARN_ENUM_CONVERSION = YES;
				CLANG_WARN_INT_CONVERSION = YES;
				CLANG_WARN_OBJC_ROOT_CLASS = YES_ERROR;
				CLANG_WARN__DUPLICATE_METHOD_MATCH = YES;
				"CODE_SIGN_IDENTITY[sdk=iphoneos*]" = "iPhone Developer";
				COPY_PHASE_STRIP = NO;
				GCC_C_LANGUAGE_STANDARD = gnu99;
				GCC_DYNAMIC_NO_PIC = NO;
				GCC_OPTIMIZATION_LEVEL = 0;
				GCC_PREPROCESSOR_DEFINITIONS = (
					"DEBUG=1",
					"$(inherited)",
				);
				GCC_SYMBOLS_PRIVATE_EXTERN = NO;
				GCC_WARN_64_TO_32_BIT_CONVERSION = YES;
				GCC_WARN_ABOUT_RETURN_TYPE = YES_ERROR;
				GCC_WARN_UNDECLARED_SELECTOR = YES;
				GCC_WARN_UNINITIALIZED_AUTOS = YES_AGGRESSIVE;
				GCC_WARN_UNUSED_FUNCTION = YES;
				GCC_WARN_UNUSED_VARIABLE = YES;
				IPHONEOS_DEPLOYMENT_TARGET = 7.1;
				ONLY_ACTIVE_ARCH = YES;
				SDKROOT = iphoneos;
				TARGETED_DEVICE_FAMILY = "1,2";
			};
			name = Debug;
		};
		1987B4E219DC664600197B78 /* Release */ = {
			isa = XCBuildConfiguration;
			buildSettings = {
				ALWAYS_SEARCH_USER_PATHS = NO;
				CLANG_CXX_LANGUAGE_STANDARD = "gnu++0x";
				CLANG_CXX_LIBRARY = "libc++";
				CLANG_ENABLE_MODULES = YES;
				CLANG_ENABLE_OBJC_ARC = YES;
				CLANG_WARN_BOOL_CONVERSION = YES;
				CLANG_WARN_CONSTANT_CONVERSION = YES;
				CLANG_WARN_DIRECT_OBJC_ISA_USAGE = YES_ERROR;
				CLANG_WARN_EMPTY_BODY = YES;
				CLANG_WARN_ENUM_CONVERSION = YES;
				CLANG_WARN_INT_CONVERSION = YES;
				CLANG_WARN_OBJC_ROOT_CLASS = YES_ERROR;
				CLANG_WARN__DUPLICATE_METHOD_MATCH = YES;
				"CODE_SIGN_IDENTITY[sdk=iphoneos*]" = "iPhone Developer";
				COPY_PHASE_STRIP = YES;
				ENABLE_NS_ASSERTIONS = NO;
				GCC_C_LANGUAGE_STANDARD = gnu99;
				GCC_WARN_64_TO_32_BIT_CONVERSION = YES;
				GCC_WARN_ABOUT_RETURN_TYPE = YES_ERROR;
				GCC_WARN_UNDECLARED_SELECTOR = YES;
				GCC_WARN_UNINITIALIZED_AUTOS = YES_AGGRESSIVE;
				GCC_WARN_UNUSED_FUNCTION = YES;
				GCC_WARN_UNUSED_VARIABLE = YES;
				IPHONEOS_DEPLOYMENT_TARGET = 7.1;
				SDKROOT = iphoneos;
				TARGETED_DEVICE_FAMILY = "1,2";
				VALIDATE_PRODUCT = YES;
			};
			name = Release;
		};
		1987B4E419DC664600197B78 /* Debug */ = {
			isa = XCBuildConfiguration;
			buildSettings = {
				ASSETCATALOG_COMPILER_APPICON_NAME = AppIcon;
				ASSETCATALOG_COMPILER_LAUNCHIMAGE_NAME = LaunchImage;
				CLANG_ENABLE_OBJC_ARC = NO;
				GCC_PRECOMPILE_PREFIX_HEADER = YES;
				GCC_PREFIX_HEADER = "Task Management/Task Management-Prefix.pch";
				INFOPLIST_FILE = "Task Management/Task Management-Info.plist";
				PRODUCT_NAME = "$(TARGET_NAME)";
				WRAPPER_EXTENSION = app;
			};
			name = Debug;
		};
		1987B4E519DC664600197B78 /* Release */ = {
			isa = XCBuildConfiguration;
			buildSettings = {
				ASSETCATALOG_COMPILER_APPICON_NAME = AppIcon;
				ASSETCATALOG_COMPILER_LAUNCHIMAGE_NAME = LaunchImage;
				CLANG_ENABLE_OBJC_ARC = NO;
				GCC_PRECOMPILE_PREFIX_HEADER = YES;
				GCC_PREFIX_HEADER = "Task Management/Task Management-Prefix.pch";
				INFOPLIST_FILE = "Task Management/Task Management-Info.plist";
				PRODUCT_NAME = "$(TARGET_NAME)";
				WRAPPER_EXTENSION = app;
			};
			name = Release;
		};
		1987B4E719DC664600197B78 /* Debug */ = {
			isa = XCBuildConfiguration;
			buildSettings = {
				BUNDLE_LOADER = "$(BUILT_PRODUCTS_DIR)/Task Management.app/Task Management";
				FRAMEWORK_SEARCH_PATHS = (
					"$(SDKROOT)/Developer/Library/Frameworks",
					"$(inherited)",
					"$(DEVELOPER_FRAMEWORKS_DIR)",
				);
				GCC_PRECOMPILE_PREFIX_HEADER = YES;
				GCC_PREFIX_HEADER = "Task Management/Task Management-Prefix.pch";
				GCC_PREPROCESSOR_DEFINITIONS = (
					"DEBUG=1",
					"$(inherited)",
				);
				INFOPLIST_FILE = "Task ManagementTests/Task ManagementTests-Info.plist";
				PRODUCT_NAME = "$(TARGET_NAME)";
				TEST_HOST = "$(BUNDLE_LOADER)";
				WRAPPER_EXTENSION = xctest;
			};
			name = Debug;
		};
		1987B4E819DC664600197B78 /* Release */ = {
			isa = XCBuildConfiguration;
			buildSettings = {
				BUNDLE_LOADER = "$(BUILT_PRODUCTS_DIR)/Task Management.app/Task Management";
				FRAMEWORK_SEARCH_PATHS = (
					"$(SDKROOT)/Developer/Library/Frameworks",
					"$(inherited)",
					"$(DEVELOPER_FRAMEWORKS_DIR)",
				);
				GCC_PRECOMPILE_PREFIX_HEADER = YES;
				GCC_PREFIX_HEADER = "Task Management/Task Management-Prefix.pch";
				INFOPLIST_FILE = "Task ManagementTests/Task ManagementTests-Info.plist";
				PRODUCT_NAME = "$(TARGET_NAME)";
				TEST_HOST = "$(BUNDLE_LOADER)";
				WRAPPER_EXTENSION = xctest;
			};
			name = Release;
		};
/* End XCBuildConfiguration section */

/* Begin XCConfigurationList section */
		1987B4AC19DC664500197B78 /* Build configuration list for PBXProject "Task Management" */ = {
			isa = XCConfigurationList;
			buildConfigurations = (
				1987B4E119DC664600197B78 /* Debug */,
				1987B4E219DC664600197B78 /* Release */,
			);
			defaultConfigurationIsVisible = 0;
			defaultConfigurationName = Release;
		};
		1987B4E319DC664600197B78 /* Build configuration list for PBXNativeTarget "Task Management" */ = {
			isa = XCConfigurationList;
			buildConfigurations = (
				1987B4E419DC664600197B78 /* Debug */,
				1987B4E519DC664600197B78 /* Release */,
			);
			defaultConfigurationIsVisible = 0;
			defaultConfigurationName = Release;
		};
		1987B4E619DC664600197B78 /* Build configuration list for PBXNativeTarget "Task ManagementTests" */ = {
			isa = XCConfigurationList;
			buildConfigurations = (
				1987B4E719DC664600197B78 /* Debug */,
				1987B4E819DC664600197B78 /* Release */,
			);
			defaultConfigurationIsVisible = 0;
			defaultConfigurationName = Release;
		};
/* End XCConfigurationList section */

/* Begin XCVersionGroup section */
		1987B4C819DC664600197B78 /* Task_Management.xcdatamodeld */ = {
			isa = XCVersionGroup;
			children = (
				1987B4C919DC664600197B78 /* Task_Management.xcdatamodel */,
			);
			currentVersion = 1987B4C919DC664600197B78 /* Task_Management.xcdatamodel */;
			path = Task_Management.xcdatamodeld;
			sourceTree = "<group>";
			versionGroupType = wrapper.xcdatamodel;
		};
/* End XCVersionGroup section */
	};
	rootObject = 1987B4A919DC664500197B78 /* Project object */;
}
